
Microsoft Visual Studio Solution File, Format Version 12.00
# Visual Studio Version 16
VisualStudioVersion = 16.0.30523.141
MinimumVisualStudioVersion = 10.0.40219.1
Project("{2150E333-8FDC-42A3-9474-1A3956D46DE8}") = "Microservices", "Microservices", "{628601B2-71A8-44C3-B60E-0D9F52F7E664}"
EndProject
Project("{2150E333-8FDC-42A3-9474-1A3956D46DE8}") = "Domain", "Domain", "{26C4F3A0-C6C4-4F57-A812-FFDE45BCC0C8}"
EndProject
Project("{2150E333-8FDC-42A3-9474-1A3956D46DE8}") = "Infra.bus", "Infra.bus", "{BFDE6B0B-C33C-49BD-A6D4-4462826C8394}"
EndProject
Project("{2150E333-8FDC-42A3-9474-1A3956D46DE8}") = "Infra.ioc", "Infra.ioc", "{6E07FF8A-3B5A-452C-A5A0-831B427D0CA6}"
EndProject
Project("{2150E333-8FDC-42A3-9474-1A3956D46DE8}") = "Presentation", "Presentation", "{BE26F997-25F4-42FB-B066-CB85833F38FA}"
EndProject
Project("{9A19103F-16F7-4668-BE54-9A1E7A4F7556}") = "MicroRabbit.Domain.Core", "MicroRabbit.Domain.Core\MicroRabbit.Domain.Core.csproj", "{0C522876-6515-4201-9FE3-A97AC9C661B8}"
EndProject
Project("{9A19103F-16F7-4668-BE54-9A1E7A4F7556}") = "MicroRabbit.Infra.Bus", "MicroRabbit.Infra.Bus\MicroRabbit.Infra.Bus.csproj", "{D53A42F4-16AF-4928-90BE-4DEAFA4BE991}"
EndProject
Project("{9A19103F-16F7-4668-BE54-9A1E7A4F7556}") = "MicroRabbit.Infra.IoC", "MicroRabbit.Infra.IoC\MicroRabbit.Infra.IoC.csproj", "{E9A4375D-7127-4742-9448-D5C1461F888A}"
EndProject
Project("{2150E333-8FDC-42A3-9474-1A3956D46DE8}") = "Banking", "Banking", "{B208C79B-2815-47A2-9BA2-C473A16FD008}"
EndProject
Project("{2150E333-8FDC-42A3-9474-1A3956D46DE8}") = "API", "API", "{329BA258-B2B5-4B2F-BFB3-5C949D9D5A03}"
EndProject
Project("{2150E333-8FDC-42A3-9474-1A3956D46DE8}") = "Domain", "Domain", "{DED2C331-33EC-43B6-AF04-6F1D4AC8B107}"
EndProject
Project("{2150E333-8FDC-42A3-9474-1A3956D46DE8}") = "Application", "Application", "{0C1DDC45-3EAB-4481-BF31-A9B891DFC399}"
EndProject
Project("{2150E333-8FDC-42A3-9474-1A3956D46DE8}") = "Data", "Data", "{F3F3643F-3808-4A0C-B214-9B536ACA3D2A}"
EndProject
Project("{9A19103F-16F7-4668-BE54-9A1E7A4F7556}") = "MicroRabbit.Banking.Api", "MicroRabbit.Banking.Api\MicroRabbit.Banking.Api.csproj", "{956DA16C-1363-45C4-95E2-C3575F4F8E91}"
EndProject
Project("{9A19103F-16F7-4668-BE54-9A1E7A4F7556}") = "MicroRabbit.Banking.Application", "MicroRabbit.Banking.Application\MicroRabbit.Banking.Application.csproj", "{658D9C3E-1AAC-4CD1-BB5A-AF65F600B023}"
EndProject
Project("{9A19103F-16F7-4668-BE54-9A1E7A4F7556}") = "MicroRabbit.Banking.Data", "MicroRabbit.Banking.Data\MicroRabbit.Banking.Data.csproj", "{7D5CD2BC-366E-4ACD-ADFC-20F1DFEA59FF}"
EndProject
Project("{9A19103F-16F7-4668-BE54-9A1E7A4F7556}") = "MicroRabbit.Banking.Domain", "MicroRabbit.Banking.Domain\MicroRabbit.Banking.Domain.csproj", "{47D0B078-26DB-49D4-A58E-DF3A8F9B8481}"
EndProject
Project("{2150E333-8FDC-42A3-9474-1A3956D46DE8}") = "Transfer", "Transfer", "{C7EFD857-401C-44FE-82D0-B64B97E96435}"
EndProject
Project("{2150E333-8FDC-42A3-9474-1A3956D46DE8}") = "API", "API", "{4FE0D3E4-16D8-4201-A53A-ADEA018D434B}"
EndProject
Project("{2150E333-8FDC-42A3-9474-1A3956D46DE8}") = "Application", "Application", "{7E69E2BB-9E7A-46AB-ACE3-1CABEEE21287}"
EndProject
Project("{2150E333-8FDC-42A3-9474-1A3956D46DE8}") = "Data", "Data", "{517E3488-C8B0-4662-BFD7-A540D40C1683}"
EndProject
Project("{2150E333-8FDC-42A3-9474-1A3956D46DE8}") = "Domain", "Domain", "{0A6BFECD-4036-4632-ACD5-CEEC64F9DB71}"
EndProject
Project("{FAE04EC0-301F-11D3-BF4B-00C04F79EFBC}") = "MicroRabbit.Transfer.Api", "MicroRabbit.Transfer.Api\MicroRabbit.Transfer.Api.csproj", "{AD1B1625-7334-41E4-9445-E7C40A0303A7}"
EndProject
Project("{FAE04EC0-301F-11D3-BF4B-00C04F79EFBC}") = "MicroRabbit.Transfer.Application", "MicroRabbit.Transfer.Application\MicroRabbit.Transfer.Application.csproj", "{16A604C4-2792-4592-85FD-4FB3542E5D8A}"
EndProject
Project("{FAE04EC0-301F-11D3-BF4B-00C04F79EFBC}") = "MicroRabbit.Transfer.Data", "MicroRabbit.Transfer.Data\MicroRabbit.Transfer.Data.csproj", "{E1553F06-BB0A-436F-9969-80AF893CECDB}"
EndProject
Project("{FAE04EC0-301F-11D3-BF4B-00C04F79EFBC}") = "MicroRabbit.Transfer.Domain", "MicroRabbit.Transfer.Domain\MicroRabbit.Transfer.Domain.csproj", "{A5389324-545D-4F65-88CC-AEC59AFE65EB}"
EndProject
Global
	GlobalSection(SolutionConfigurationPlatforms) = preSolution
		Debug|Any CPU = Debug|Any CPU
		Release|Any CPU = Release|Any CPU
	EndGlobalSection
	GlobalSection(ProjectConfigurationPlatforms) = postSolution
		{0C522876-6515-4201-9FE3-A97AC9C661B8}.Debug|Any CPU.ActiveCfg = Debug|Any CPU
		{0C522876-6515-4201-9FE3-A97AC9C661B8}.Debug|Any CPU.Build.0 = Debug|Any CPU
		{0C522876-6515-4201-9FE3-A97AC9C661B8}.Release|Any CPU.ActiveCfg = Release|Any CPU
		{0C522876-6515-4201-9FE3-A97AC9C661B8}.Release|Any CPU.Build.0 = Release|Any CPU
		{D53A42F4-16AF-4928-90BE-4DEAFA4BE991}.Debug|Any CPU.ActiveCfg = Debug|Any CPU
		{D53A42F4-16AF-4928-90BE-4DEAFA4BE991}.Debug|Any CPU.Build.0 = Debug|Any CPU
		{D53A42F4-16AF-4928-90BE-4DEAFA4BE991}.Release|Any CPU.ActiveCfg = Release|Any CPU
		{D53A42F4-16AF-4928-90BE-4DEAFA4BE991}.Release|Any CPU.Build.0 = Release|Any CPU
		{E9A4375D-7127-4742-9448-D5C1461F888A}.Debug|Any CPU.ActiveCfg = Debug|Any CPU
		{E9A4375D-7127-4742-9448-D5C1461F888A}.Debug|Any CPU.Build.0 = Debug|Any CPU
		{E9A4375D-7127-4742-9448-D5C1461F888A}.Release|Any CPU.ActiveCfg = Release|Any CPU
		{E9A4375D-7127-4742-9448-D5C1461F888A}.Release|Any CPU.Build.0 = Release|Any CPU
		{956DA16C-1363-45C4-95E2-C3575F4F8E91}.Debug|Any CPU.ActiveCfg = Debug|Any CPU
		{956DA16C-1363-45C4-95E2-C3575F4F8E91}.Debug|Any CPU.Build.0 = Debug|Any CPU
		{956DA16C-1363-45C4-95E2-C3575F4F8E91}.Release|Any CPU.ActiveCfg = Release|Any CPU
		{956DA16C-1363-45C4-95E2-C3575F4F8E91}.Release|Any CPU.Build.0 = Release|Any CPU
		{658D9C3E-1AAC-4CD1-BB5A-AF65F600B023}.Debug|Any CPU.ActiveCfg = Debug|Any CPU
		{658D9C3E-1AAC-4CD1-BB5A-AF65F600B023}.Debug|Any CPU.Build.0 = Debug|Any CPU
		{658D9C3E-1AAC-4CD1-BB5A-AF65F600B023}.Release|Any CPU.ActiveCfg = Release|Any CPU
		{658D9C3E-1AAC-4CD1-BB5A-AF65F600B023}.Release|Any CPU.Build.0 = Release|Any CPU
		{7D5CD2BC-366E-4ACD-ADFC-20F1DFEA59FF}.Debug|Any CPU.ActiveCfg = Debug|Any CPU
		{7D5CD2BC-366E-4ACD-ADFC-20F1DFEA59FF}.Debug|Any CPU.Build.0 = Debug|Any CPU
		{7D5CD2BC-366E-4ACD-ADFC-20F1DFEA59FF}.Release|Any CPU.ActiveCfg = Release|Any CPU
		{7D5CD2BC-366E-4ACD-ADFC-20F1DFEA59FF}.Release|Any CPU.Build.0 = Release|Any CPU
		{47D0B078-26DB-49D4-A58E-DF3A8F9B8481}.Debug|Any CPU.ActiveCfg = Debug|Any CPU
		{47D0B078-26DB-49D4-A58E-DF3A8F9B8481}.Debug|Any CPU.Build.0 = Debug|Any CPU
		{47D0B078-26DB-49D4-A58E-DF3A8F9B8481}.Release|Any CPU.ActiveCfg = Release|Any CPU
		{47D0B078-26DB-49D4-A58E-DF3A8F9B8481}.Release|Any CPU.Build.0 = Release|Any CPU
		{AD1B1625-7334-41E4-9445-E7C40A0303A7}.Debug|Any CPU.ActiveCfg = Debug|Any CPU
		{AD1B1625-7334-41E4-9445-E7C40A0303A7}.Debug|Any CPU.Build.0 = Debug|Any CPU
		{AD1B1625-7334-41E4-9445-E7C40A0303A7}.Release|Any CPU.ActiveCfg = Release|Any CPU
		{AD1B1625-7334-41E4-9445-E7C40A0303A7}.Release|Any CPU.Build.0 = Release|Any CPU
		{16A604C4-2792-4592-85FD-4FB3542E5D8A}.Debug|Any CPU.ActiveCfg = Debug|Any CPU
		{16A604C4-2792-4592-85FD-4FB3542E5D8A}.Debug|Any CPU.Build.0 = Debug|Any CPU
		{16A604C4-2792-4592-85FD-4FB3542E5D8A}.Release|Any CPU.ActiveCfg = Release|Any CPU
		{16A604C4-2792-4592-85FD-4FB3542E5D8A}.Release|Any CPU.Build.0 = Release|Any CPU
		{E1553F06-BB0A-436F-9969-80AF893CECDB}.Debug|Any CPU.ActiveCfg = Debug|Any CPU
		{E1553F06-BB0A-436F-9969-80AF893CECDB}.Debug|Any CPU.Build.0 = Debug|Any CPU
		{E1553F06-BB0A-436F-9969-80AF893CECDB}.Release|Any CPU.ActiveCfg = Release|Any CPU
		{E1553F06-BB0A-436F-9969-80AF893CECDB}.Release|Any CPU.Build.0 = Release|Any CPU
		{A5389324-545D-4F65-88CC-AEC59AFE65EB}.Debug|Any CPU.ActiveCfg = Debug|Any CPU
		{A5389324-545D-4F65-88CC-AEC59AFE65EB}.Debug|Any CPU.Build.0 = Debug|Any CPU
		{A5389324-545D-4F65-88CC-AEC59AFE65EB}.Release|Any CPU.ActiveCfg = Release|Any CPU
		{A5389324-545D-4F65-88CC-AEC59AFE65EB}.Release|Any CPU.Build.0 = Release|Any CPU
	EndGlobalSection
	GlobalSection(SolutionProperties) = preSolution
		HideSolutionNode = FALSE
	EndGlobalSection
	GlobalSection(NestedProjects) = preSolution
		{0C522876-6515-4201-9FE3-A97AC9C661B8} = {26C4F3A0-C6C4-4F57-A812-FFDE45BCC0C8}
		{D53A42F4-16AF-4928-90BE-4DEAFA4BE991} = {BFDE6B0B-C33C-49BD-A6D4-4462826C8394}
		{E9A4375D-7127-4742-9448-D5C1461F888A} = {6E07FF8A-3B5A-452C-A5A0-831B427D0CA6}
		{B208C79B-2815-47A2-9BA2-C473A16FD008} = {628601B2-71A8-44C3-B60E-0D9F52F7E664}
		{329BA258-B2B5-4B2F-BFB3-5C949D9D5A03} = {B208C79B-2815-47A2-9BA2-C473A16FD008}
		{DED2C331-33EC-43B6-AF04-6F1D4AC8B107} = {B208C79B-2815-47A2-9BA2-C473A16FD008}
		{0C1DDC45-3EAB-4481-BF31-A9B891DFC399} = {B208C79B-2815-47A2-9BA2-C473A16FD008}
		{F3F3643F-3808-4A0C-B214-9B536ACA3D2A} = {B208C79B-2815-47A2-9BA2-C473A16FD008}
		{956DA16C-1363-45C4-95E2-C3575F4F8E91} = {329BA258-B2B5-4B2F-BFB3-5C949D9D5A03}
		{658D9C3E-1AAC-4CD1-BB5A-AF65F600B023} = {0C1DDC45-3EAB-4481-BF31-A9B891DFC399}
		{7D5CD2BC-366E-4ACD-ADFC-20F1DFEA59FF} = {F3F3643F-3808-4A0C-B214-9B536ACA3D2A}
		{47D0B078-26DB-49D4-A58E-DF3A8F9B8481} = {DED2C331-33EC-43B6-AF04-6F1D4AC8B107}
		{C7EFD857-401C-44FE-82D0-B64B97E96435} = {628601B2-71A8-44C3-B60E-0D9F52F7E664}
		{4FE0D3E4-16D8-4201-A53A-ADEA018D434B} = {C7EFD857-401C-44FE-82D0-B64B97E96435}
		{7E69E2BB-9E7A-46AB-ACE3-1CABEEE21287} = {C7EFD857-401C-44FE-82D0-B64B97E96435}
		{517E3488-C8B0-4662-BFD7-A540D40C1683} = {C7EFD857-401C-44FE-82D0-B64B97E96435}
		{0A6BFECD-4036-4632-ACD5-CEEC64F9DB71} = {C7EFD857-401C-44FE-82D0-B64B97E96435}
		{AD1B1625-7334-41E4-9445-E7C40A0303A7} = {4FE0D3E4-16D8-4201-A53A-ADEA018D434B}
		{16A604C4-2792-4592-85FD-4FB3542E5D8A} = {7E69E2BB-9E7A-46AB-ACE3-1CABEEE21287}
		{E1553F06-BB0A-436F-9969-80AF893CECDB} = {517E3488-C8B0-4662-BFD7-A540D40C1683}
		{A5389324-545D-4F65-88CC-AEC59AFE65EB} = {0A6BFECD-4036-4632-ACD5-CEEC64F9DB71}
	EndGlobalSection
	GlobalSection(ExtensibilityGlobals) = postSolution
		SolutionGuid = {FEE9F667-A150-417A-AC3B-02CBB9D3F9A5}
	EndGlobalSection
EndGlobal
